
Microsoft Visual Studio Solution File, Format Version 12.00
# Visual Studio Version 17
VisualStudioVersion = 17.5.33627.172
MinimumVisualStudioVersion = 10.0.40219.1
Project("{FAE04EC0-301F-11D3-BF4B-00C04F79EFBC}") = "Newaz_1271713_Code_First", "Newaz_1271713_Code_First\Newaz_1271713_Code_First.csproj", "{E22D0B97-8AA3-4095-A6E2-BFF7E7C156B5}"
EndProject
Global
	GlobalSection(SolutionConfigurationPlatforms) = preSolution
		Debug|Any CPU = Debug|Any CPU
		Release|Any CPU = Release|Any CPU
	EndGlobalSection
	GlobalSection(ProjectConfigurationPlatforms) = postSolution
		{E22D0B97-8AA3-4095-A6E2-BFF7E7C156B5}.Debug|Any CPU.ActiveCfg = Debug|Any CPU
		{E22D0B97-8AA3-4095-A6E2-BFF7E7C156B5}.Debug|Any CPU.Build.0 = Debug|Any CPU
		{E22D0B97-8AA3-4095-A6E2-BFF7E7C156B5}.Release|Any CPU.ActiveCfg = Release|Any CPU
		{E22D0B97-8AA3-4095-A6E2-BFF7E7C156B5}.Release|Any CPU.Build.0 = Release|Any CPU
	EndGlobalSection
	GlobalSection(SolutionProperties) = preSolution
		HideSolutionNode = FALSE
	EndGlobalSection
	GlobalSection(ExtensibilityGlobals) = postSolution
		SolutionGuid = {93ECF01E-98D9-40EB-BCB3-0497BBC2EA16}
	EndGlobalSection
EndGlobal
